
Microsoft Visual Studio Solution File, Format Version 12.00
# Visual Studio Version 16
VisualStudioVersion = 16.0.28711.60
MinimumVisualStudioVersion = 10.0.40219.1
Project("{9A19103F-16F7-4668-BE54-9A1E7A4F7556}") = "TestApp.Common", "TestApp.Common\TestApp.Common.csproj", "{E61C4CA5-81CA-4605-A406-05DAD39D3BCC}"
EndProject
Project("{9A19103F-16F7-4668-BE54-9A1E7A4F7556}") = "TestApp.Blazor", "TestApp.Blazor\TestApp.Blazor.csproj", "{38C2D85F-E18B-40B4-83F7-922BED4F6CBE}"
EndProject
Project("{9A19103F-16F7-4668-BE54-9A1E7A4F7556}") = "TestApp", "TestApp\TestApp.csproj", "{809D4928-7C43-4F91-963D-5D0F7802FB1E}"
	ProjectSection(ProjectDependencies) = postProject
		{38C2D85F-E18B-40B4-83F7-922BED4F6CBE} = {38C2D85F-E18B-40B4-83F7-922BED4F6CBE}
	EndProjectSection
EndProject
Project("{FAE04EC0-301F-11D3-BF4B-00C04F79EFBC}") = "TestApp.Android", "TestApp.Android\TestApp.Android.csproj", "{5AB11D82-A58C-4EE7-ADBD-40DADAF3E774}"
EndProject
Project("{FAE04EC0-301F-11D3-BF4B-00C04F79EFBC}") = "TestApp.iOS", "TestApp.iOS\TestApp.iOS.csproj", "{7229CC24-BA8D-4A2D-8011-E9891B95EBD7}"
EndProject
Project("{9A19103F-16F7-4668-BE54-9A1E7A4F7556}") = "TestApp.Blazor.Server", "TestApp.Blazor.Server\TestApp.Blazor.Server.csproj", "{E2AA7AA1-A4AA-4EF4-984B-A16B12DBB628}"
EndProject
Project("{FAE04EC0-301F-11D3-BF4B-00C04F79EFBC}") = "TestApp.UWP", "TestApp.UWP\TestApp.UWP.csproj", "{098F1C3B-BAAC-405D-BD7F-2669E10A5C11}"
EndProject
Project("{9A19103F-16F7-4668-BE54-9A1E7A4F7556}") = "TestApp.Desktop", "TestApp.Desktop\TestApp.Desktop.csproj", "{443E25F5-CFEE-46F4-B37D-D74DF8C79351}"
EndProject
Project("{9A19103F-16F7-4668-BE54-9A1E7A4F7556}") = "TestApp.AppPackage", "TestApp.AppPackage\TestApp.AppPackage.csproj", "{69221CB0-2867-41FA-8D24-75B74D5877D3}"
	ProjectSection(ProjectDependencies) = postProject
		{38C2D85F-E18B-40B4-83F7-922BED4F6CBE} = {38C2D85F-E18B-40B4-83F7-922BED4F6CBE}
	EndProjectSection
EndProject
Global
	GlobalSection(SolutionConfigurationPlatforms) = preSolution
		Ad-Hoc|Any CPU = Ad-Hoc|Any CPU
		Ad-Hoc|ARM = Ad-Hoc|ARM
		Ad-Hoc|iPhone = Ad-Hoc|iPhone
		Ad-Hoc|iPhoneSimulator = Ad-Hoc|iPhoneSimulator
		Ad-Hoc|x64 = Ad-Hoc|x64
		Ad-Hoc|x86 = Ad-Hoc|x86
		AppStore|Any CPU = AppStore|Any CPU
		AppStore|ARM = AppStore|ARM
		AppStore|iPhone = AppStore|iPhone
		AppStore|iPhoneSimulator = AppStore|iPhoneSimulator
		AppStore|x64 = AppStore|x64
		AppStore|x86 = AppStore|x86
		Debug|Any CPU = Debug|Any CPU
		Debug|ARM = Debug|ARM
		Debug|iPhone = Debug|iPhone
		Debug|iPhoneSimulator = Debug|iPhoneSimulator
		Debug|x64 = Debug|x64
		Debug|x86 = Debug|x86
		Release|Any CPU = Release|Any CPU
		Release|ARM = Release|ARM
		Release|iPhone = Release|iPhone
		Release|iPhoneSimulator = Release|iPhoneSimulator
		Release|x64 = Release|x64
		Release|x86 = Release|x86
	EndGlobalSection
	GlobalSection(ProjectConfigurationPlatforms) = postSolution
		{E61C4CA5-81CA-4605-A406-05DAD39D3BCC}.Ad-Hoc|Any CPU.ActiveCfg = Debug|Any CPU
		{E61C4CA5-81CA-4605-A406-05DAD39D3BCC}.Ad-Hoc|Any CPU.Build.0 = Debug|Any CPU
		{E61C4CA5-81CA-4605-A406-05DAD39D3BCC}.Ad-Hoc|ARM.ActiveCfg = Release|Any CPU
		{E61C4CA5-81CA-4605-A406-05DAD39D3BCC}.Ad-Hoc|ARM.Build.0 = Release|Any CPU
		{E61C4CA5-81CA-4605-A406-05DAD39D3BCC}.Ad-Hoc|iPhone.ActiveCfg = Debug|Any CPU
		{E61C4CA5-81CA-4605-A406-05DAD39D3BCC}.Ad-Hoc|iPhone.Build.0 = Debug|Any CPU
		{E61C4CA5-81CA-4605-A406-05DAD39D3BCC}.Ad-Hoc|iPhoneSimulator.ActiveCfg = Debug|Any CPU
		{E61C4CA5-81CA-4605-A406-05DAD39D3BCC}.Ad-Hoc|iPhoneSimulator.Build.0 = Debug|Any CPU
		{E61C4CA5-81CA-4605-A406-05DAD39D3BCC}.Ad-Hoc|x64.ActiveCfg = Release|Any CPU
		{E61C4CA5-81CA-4605-A406-05DAD39D3BCC}.Ad-Hoc|x64.Build.0 = Release|Any CPU
		{E61C4CA5-81CA-4605-A406-05DAD39D3BCC}.Ad-Hoc|x86.ActiveCfg = Release|Any CPU
		{E61C4CA5-81CA-4605-A406-05DAD39D3BCC}.Ad-Hoc|x86.Build.0 = Release|Any CPU
		{E61C4CA5-81CA-4605-A406-05DAD39D3BCC}.AppStore|Any CPU.ActiveCfg = Debug|Any CPU
		{E61C4CA5-81CA-4605-A406-05DAD39D3BCC}.AppStore|Any CPU.Build.0 = Debug|Any CPU
		{E61C4CA5-81CA-4605-A406-05DAD39D3BCC}.AppStore|ARM.ActiveCfg = Release|Any CPU
		{E61C4CA5-81CA-4605-A406-05DAD39D3BCC}.AppStore|ARM.Build.0 = Release|Any CPU
		{E61C4CA5-81CA-4605-A406-05DAD39D3BCC}.AppStore|iPhone.ActiveCfg = Debug|Any CPU
		{E61C4CA5-81CA-4605-A406-05DAD39D3BCC}.AppStore|iPhone.Build.0 = Debug|Any CPU
		{E61C4CA5-81CA-4605-A406-05DAD39D3BCC}.AppStore|iPhoneSimulator.ActiveCfg = Debug|Any CPU
		{E61C4CA5-81CA-4605-A406-05DAD39D3BCC}.AppStore|iPhoneSimulator.Build.0 = Debug|Any CPU
		{E61C4CA5-81CA-4605-A406-05DAD39D3BCC}.AppStore|x64.ActiveCfg = Release|Any CPU
		{E61C4CA5-81CA-4605-A406-05DAD39D3BCC}.AppStore|x64.Build.0 = Release|Any CPU
		{E61C4CA5-81CA-4605-A406-05DAD39D3BCC}.AppStore|x86.ActiveCfg = Release|Any CPU
		{E61C4CA5-81CA-4605-A406-05DAD39D3BCC}.AppStore|x86.Build.0 = Release|Any CPU
		{E61C4CA5-81CA-4605-A406-05DAD39D3BCC}.Debug|Any CPU.ActiveCfg = Debug|Any CPU
		{E61C4CA5-81CA-4605-A406-05DAD39D3BCC}.Debug|Any CPU.Build.0 = Debug|Any CPU
		{E61C4CA5-81CA-4605-A406-05DAD39D3BCC}.Debug|ARM.ActiveCfg = Debug|Any CPU
		{E61C4CA5-81CA-4605-A406-05DAD39D3BCC}.Debug|ARM.Build.0 = Debug|Any CPU
		{E61C4CA5-81CA-4605-A406-05DAD39D3BCC}.Debug|iPhone.ActiveCfg = Debug|Any CPU
		{E61C4CA5-81CA-4605-A406-05DAD39D3BCC}.Debug|iPhone.Build.0 = Debug|Any CPU
		{E61C4CA5-81CA-4605-A406-05DAD39D3BCC}.Debug|iPhoneSimulator.ActiveCfg = Debug|Any CPU
		{E61C4CA5-81CA-4605-A406-05DAD39D3BCC}.Debug|iPhoneSimulator.Build.0 = Debug|Any CPU
		{E61C4CA5-81CA-4605-A406-05DAD39D3BCC}.Debug|x64.ActiveCfg = Debug|Any CPU
		{E61C4CA5-81CA-4605-A406-05DAD39D3BCC}.Debug|x64.Build.0 = Debug|Any CPU
		{E61C4CA5-81CA-4605-A406-05DAD39D3BCC}.Debug|x86.ActiveCfg = Debug|Any CPU
		{E61C4CA5-81CA-4605-A406-05DAD39D3BCC}.Debug|x86.Build.0 = Debug|Any CPU
		{E61C4CA5-81CA-4605-A406-05DAD39D3BCC}.Release|Any CPU.ActiveCfg = Release|Any CPU
		{E61C4CA5-81CA-4605-A406-05DAD39D3BCC}.Release|Any CPU.Build.0 = Release|Any CPU
		{E61C4CA5-81CA-4605-A406-05DAD39D3BCC}.Release|ARM.ActiveCfg = Release|Any CPU
		{E61C4CA5-81CA-4605-A406-05DAD39D3BCC}.Release|ARM.Build.0 = Release|Any CPU
		{E61C4CA5-81CA-4605-A406-05DAD39D3BCC}.Release|iPhone.ActiveCfg = Release|Any CPU
		{E61C4CA5-81CA-4605-A406-05DAD39D3BCC}.Release|iPhone.Build.0 = Release|Any CPU
		{E61C4CA5-81CA-4605-A406-05DAD39D3BCC}.Release|iPhoneSimulator.ActiveCfg = Release|Any CPU
		{E61C4CA5-81CA-4605-A406-05DAD39D3BCC}.Release|iPhoneSimulator.Build.0 = Release|Any CPU
		{E61C4CA5-81CA-4605-A406-05DAD39D3BCC}.Release|x64.ActiveCfg = Release|Any CPU
		{E61C4CA5-81CA-4605-A406-05DAD39D3BCC}.Release|x64.Build.0 = Release|Any CPU
		{E61C4CA5-81CA-4605-A406-05DAD39D3BCC}.Release|x86.ActiveCfg = Release|Any CPU
		{E61C4CA5-81CA-4605-A406-05DAD39D3BCC}.Release|x86.Build.0 = Release|Any CPU
		{38C2D85F-E18B-40B4-83F7-922BED4F6CBE}.Ad-Hoc|Any CPU.ActiveCfg = Debug|Any CPU
		{38C2D85F-E18B-40B4-83F7-922BED4F6CBE}.Ad-Hoc|Any CPU.Build.0 = Debug|Any CPU
		{38C2D85F-E18B-40B4-83F7-922BED4F6CBE}.Ad-Hoc|ARM.ActiveCfg = Release|Any CPU
		{38C2D85F-E18B-40B4-83F7-922BED4F6CBE}.Ad-Hoc|ARM.Build.0 = Release|Any CPU
		{38C2D85F-E18B-40B4-83F7-922BED4F6CBE}.Ad-Hoc|iPhone.ActiveCfg = Debug|Any CPU
		{38C2D85F-E18B-40B4-83F7-922BED4F6CBE}.Ad-Hoc|iPhone.Build.0 = Debug|Any CPU
		{38C2D85F-E18B-40B4-83F7-922BED4F6CBE}.Ad-Hoc|iPhoneSimulator.ActiveCfg = Debug|Any CPU
		{38C2D85F-E18B-40B4-83F7-922BED4F6CBE}.Ad-Hoc|iPhoneSimulator.Build.0 = Debug|Any CPU
		{38C2D85F-E18B-40B4-83F7-922BED4F6CBE}.Ad-Hoc|x64.ActiveCfg = Release|Any CPU
		{38C2D85F-E18B-40B4-83F7-922BED4F6CBE}.Ad-Hoc|x64.Build.0 = Release|Any CPU
		{38C2D85F-E18B-40B4-83F7-922BED4F6CBE}.Ad-Hoc|x86.ActiveCfg = Release|Any CPU
		{38C2D85F-E18B-40B4-83F7-922BED4F6CBE}.Ad-Hoc|x86.Build.0 = Release|Any CPU
		{38C2D85F-E18B-40B4-83F7-922BED4F6CBE}.AppStore|Any CPU.ActiveCfg = Debug|Any CPU
		{38C2D85F-E18B-40B4-83F7-922BED4F6CBE}.AppStore|Any CPU.Build.0 = Debug|Any CPU
		{38C2D85F-E18B-40B4-83F7-922BED4F6CBE}.AppStore|ARM.ActiveCfg = Release|Any CPU
		{38C2D85F-E18B-40B4-83F7-922BED4F6CBE}.AppStore|ARM.Build.0 = Release|Any CPU
		{38C2D85F-E18B-40B4-83F7-922BED4F6CBE}.AppStore|iPhone.ActiveCfg = Debug|Any CPU
		{38C2D85F-E18B-40B4-83F7-922BED4F6CBE}.AppStore|iPhone.Build.0 = Debug|Any CPU
		{38C2D85F-E18B-40B4-83F7-922BED4F6CBE}.AppStore|iPhoneSimulator.ActiveCfg = Debug|Any CPU
		{38C2D85F-E18B-40B4-83F7-922BED4F6CBE}.AppStore|iPhoneSimulator.Build.0 = Debug|Any CPU
		{38C2D85F-E18B-40B4-83F7-922BED4F6CBE}.AppStore|x64.ActiveCfg = Release|Any CPU
		{38C2D85F-E18B-40B4-83F7-922BED4F6CBE}.AppStore|x64.Build.0 = Release|Any CPU
		{38C2D85F-E18B-40B4-83F7-922BED4F6CBE}.AppStore|x86.ActiveCfg = Release|Any CPU
		{38C2D85F-E18B-40B4-83F7-922BED4F6CBE}.AppStore|x86.Build.0 = Release|Any CPU
		{38C2D85F-E18B-40B4-83F7-922BED4F6CBE}.Debug|Any CPU.ActiveCfg = Debug|Any CPU
		{38C2D85F-E18B-40B4-83F7-922BED4F6CBE}.Debug|Any CPU.Build.0 = Debug|Any CPU
		{38C2D85F-E18B-40B4-83F7-922BED4F6CBE}.Debug|ARM.ActiveCfg = Debug|Any CPU
		{38C2D85F-E18B-40B4-83F7-922BED4F6CBE}.Debug|ARM.Build.0 = Debug|Any CPU
		{38C2D85F-E18B-40B4-83F7-922BED4F6CBE}.Debug|iPhone.ActiveCfg = Debug|Any CPU
		{38C2D85F-E18B-40B4-83F7-922BED4F6CBE}.Debug|iPhone.Build.0 = Debug|Any CPU
		{38C2D85F-E18B-40B4-83F7-922BED4F6CBE}.Debug|iPhoneSimulator.ActiveCfg = Debug|Any CPU
		{38C2D85F-E18B-40B4-83F7-922BED4F6CBE}.Debug|iPhoneSimulator.Build.0 = Debug|Any CPU
		{38C2D85F-E18B-40B4-83F7-922BED4F6CBE}.Debug|x64.ActiveCfg = Debug|Any CPU
		{38C2D85F-E18B-40B4-83F7-922BED4F6CBE}.Debug|x64.Build.0 = Debug|Any CPU
		{38C2D85F-E18B-40B4-83F7-922BED4F6CBE}.Debug|x86.ActiveCfg = Debug|Any CPU
		{38C2D85F-E18B-40B4-83F7-922BED4F6CBE}.Debug|x86.Build.0 = Debug|Any CPU
		{38C2D85F-E18B-40B4-83F7-922BED4F6CBE}.Release|Any CPU.ActiveCfg = Release|Any CPU
		{38C2D85F-E18B-40B4-83F7-922BED4F6CBE}.Release|Any CPU.Build.0 = Release|Any CPU
		{38C2D85F-E18B-40B4-83F7-922BED4F6CBE}.Release|ARM.ActiveCfg = Release|Any CPU
		{38C2D85F-E18B-40B4-83F7-922BED4F6CBE}.Release|ARM.Build.0 = Release|Any CPU
		{38C2D85F-E18B-40B4-83F7-922BED4F6CBE}.Release|iPhone.ActiveCfg = Release|Any CPU
		{38C2D85F-E18B-40B4-83F7-922BED4F6CBE}.Release|iPhone.Build.0 = Release|Any CPU
		{38C2D85F-E18B-40B4-83F7-922BED4F6CBE}.Release|iPhoneSimulator.ActiveCfg = Release|Any CPU
		{38C2D85F-E18B-40B4-83F7-922BED4F6CBE}.Release|iPhoneSimulator.Build.0 = Release|Any CPU
		{38C2D85F-E18B-40B4-83F7-922BED4F6CBE}.Release|x64.ActiveCfg = Release|Any CPU
		{38C2D85F-E18B-40B4-83F7-922BED4F6CBE}.Release|x64.Build.0 = Release|Any CPU
		{38C2D85F-E18B-40B4-83F7-922BED4F6CBE}.Release|x86.ActiveCfg = Release|Any CPU
		{38C2D85F-E18B-40B4-83F7-922BED4F6CBE}.Release|x86.Build.0 = Release|Any CPU
		{809D4928-7C43-4F91-963D-5D0F7802FB1E}.Ad-Hoc|Any CPU.ActiveCfg = Debug|Any CPU
		{809D4928-7C43-4F91-963D-5D0F7802FB1E}.Ad-Hoc|Any CPU.Build.0 = Debug|Any CPU
		{809D4928-7C43-4F91-963D-5D0F7802FB1E}.Ad-Hoc|ARM.ActiveCfg = Release|Any CPU
		{809D4928-7C43-4F91-963D-5D0F7802FB1E}.Ad-Hoc|ARM.Build.0 = Release|Any CPU
		{809D4928-7C43-4F91-963D-5D0F7802FB1E}.Ad-Hoc|iPhone.ActiveCfg = Debug|Any CPU
		{809D4928-7C43-4F91-963D-5D0F7802FB1E}.Ad-Hoc|iPhone.Build.0 = Debug|Any CPU
		{809D4928-7C43-4F91-963D-5D0F7802FB1E}.Ad-Hoc|iPhoneSimulator.ActiveCfg = Debug|Any CPU
		{809D4928-7C43-4F91-963D-5D0F7802FB1E}.Ad-Hoc|iPhoneSimulator.Build.0 = Debug|Any CPU
		{809D4928-7C43-4F91-963D-5D0F7802FB1E}.Ad-Hoc|x64.ActiveCfg = Release|Any CPU
		{809D4928-7C43-4F91-963D-5D0F7802FB1E}.Ad-Hoc|x64.Build.0 = Release|Any CPU
		{809D4928-7C43-4F91-963D-5D0F7802FB1E}.Ad-Hoc|x86.ActiveCfg = Release|Any CPU
		{809D4928-7C43-4F91-963D-5D0F7802FB1E}.Ad-Hoc|x86.Build.0 = Release|Any CPU
		{809D4928-7C43-4F91-963D-5D0F7802FB1E}.AppStore|Any CPU.ActiveCfg = Debug|Any CPU
		{809D4928-7C43-4F91-963D-5D0F7802FB1E}.AppStore|Any CPU.Build.0 = Debug|Any CPU
		{809D4928-7C43-4F91-963D-5D0F7802FB1E}.AppStore|ARM.ActiveCfg = Release|Any CPU
		{809D4928-7C43-4F91-963D-5D0F7802FB1E}.AppStore|ARM.Build.0 = Release|Any CPU
		{809D4928-7C43-4F91-963D-5D0F7802FB1E}.AppStore|iPhone.ActiveCfg = Debug|Any CPU
		{809D4928-7C43-4F91-963D-5D0F7802FB1E}.AppStore|iPhone.Build.0 = Debug|Any CPU
		{809D4928-7C43-4F91-963D-5D0F7802FB1E}.AppStore|iPhoneSimulator.ActiveCfg = Debug|Any CPU
		{809D4928-7C43-4F91-963D-5D0F7802FB1E}.AppStore|iPhoneSimulator.Build.0 = Debug|Any CPU
		{809D4928-7C43-4F91-963D-5D0F7802FB1E}.AppStore|x64.ActiveCfg = Release|Any CPU
		{809D4928-7C43-4F91-963D-5D0F7802FB1E}.AppStore|x64.Build.0 = Release|Any CPU
		{809D4928-7C43-4F91-963D-5D0F7802FB1E}.AppStore|x86.ActiveCfg = Release|Any CPU
		{809D4928-7C43-4F91-963D-5D0F7802FB1E}.AppStore|x86.Build.0 = Release|Any CPU
		{809D4928-7C43-4F91-963D-5D0F7802FB1E}.Debug|Any CPU.ActiveCfg = Debug|Any CPU
		{809D4928-7C43-4F91-963D-5D0F7802FB1E}.Debug|Any CPU.Build.0 = Debug|Any CPU
		{809D4928-7C43-4F91-963D-5D0F7802FB1E}.Debug|ARM.ActiveCfg = Debug|Any CPU
		{809D4928-7C43-4F91-963D-5D0F7802FB1E}.Debug|ARM.Build.0 = Debug|Any CPU
		{809D4928-7C43-4F91-963D-5D0F7802FB1E}.Debug|iPhone.ActiveCfg = Debug|Any CPU
		{809D4928-7C43-4F91-963D-5D0F7802FB1E}.Debug|iPhone.Build.0 = Debug|Any CPU
		{809D4928-7C43-4F91-963D-5D0F7802FB1E}.Debug|iPhoneSimulator.ActiveCfg = Debug|Any CPU
		{809D4928-7C43-4F91-963D-5D0F7802FB1E}.Debug|iPhoneSimulator.Build.0 = Debug|Any CPU
		{809D4928-7C43-4F91-963D-5D0F7802FB1E}.Debug|x64.ActiveCfg = Debug|Any CPU
		{809D4928-7C43-4F91-963D-5D0F7802FB1E}.Debug|x64.Build.0 = Debug|Any CPU
		{809D4928-7C43-4F91-963D-5D0F7802FB1E}.Debug|x86.ActiveCfg = Debug|Any CPU
		{809D4928-7C43-4F91-963D-5D0F7802FB1E}.Debug|x86.Build.0 = Debug|Any CPU
		{809D4928-7C43-4F91-963D-5D0F7802FB1E}.Release|Any CPU.ActiveCfg = Release|Any CPU
		{809D4928-7C43-4F91-963D-5D0F7802FB1E}.Release|Any CPU.Build.0 = Release|Any CPU
		{809D4928-7C43-4F91-963D-5D0F7802FB1E}.Release|ARM.ActiveCfg = Release|Any CPU
		{809D4928-7C43-4F91-963D-5D0F7802FB1E}.Release|ARM.Build.0 = Release|Any CPU
		{809D4928-7C43-4F91-963D-5D0F7802FB1E}.Release|iPhone.ActiveCfg = Release|Any CPU
		{809D4928-7C43-4F91-963D-5D0F7802FB1E}.Release|iPhone.Build.0 = Release|Any CPU
		{809D4928-7C43-4F91-963D-5D0F7802FB1E}.Release|iPhoneSimulator.ActiveCfg = Release|Any CPU
		{809D4928-7C43-4F91-963D-5D0F7802FB1E}.Release|iPhoneSimulator.Build.0 = Release|Any CPU
		{809D4928-7C43-4F91-963D-5D0F7802FB1E}.Release|x64.ActiveCfg = Release|Any CPU
		{809D4928-7C43-4F91-963D-5D0F7802FB1E}.Release|x64.Build.0 = Release|Any CPU
		{809D4928-7C43-4F91-963D-5D0F7802FB1E}.Release|x86.ActiveCfg = Release|Any CPU
		{809D4928-7C43-4F91-963D-5D0F7802FB1E}.Release|x86.Build.0 = Release|Any CPU
		{5AB11D82-A58C-4EE7-ADBD-40DADAF3E774}.Ad-Hoc|Any CPU.ActiveCfg = Release|Any CPU
		{5AB11D82-A58C-4EE7-ADBD-40DADAF3E774}.Ad-Hoc|Any CPU.Build.0 = Release|Any CPU
		{5AB11D82-A58C-4EE7-ADBD-40DADAF3E774}.Ad-Hoc|Any CPU.Deploy.0 = Release|Any CPU
		{5AB11D82-A58C-4EE7-ADBD-40DADAF3E774}.Ad-Hoc|ARM.ActiveCfg = Debug|Any CPU
		{5AB11D82-A58C-4EE7-ADBD-40DADAF3E774}.Ad-Hoc|ARM.Build.0 = Debug|Any CPU
		{5AB11D82-A58C-4EE7-ADBD-40DADAF3E774}.Ad-Hoc|ARM.Deploy.0 = Debug|Any CPU
		{5AB11D82-A58C-4EE7-ADBD-40DADAF3E774}.Ad-Hoc|iPhone.ActiveCfg = Release|Any CPU
		{5AB11D82-A58C-4EE7-ADBD-40DADAF3E774}.Ad-Hoc|iPhone.Build.0 = Release|Any CPU
		{5AB11D82-A58C-4EE7-ADBD-40DADAF3E774}.Ad-Hoc|iPhone.Deploy.0 = Release|Any CPU
		{5AB11D82-A58C-4EE7-ADBD-40DADAF3E774}.Ad-Hoc|iPhoneSimulator.ActiveCfg = Release|Any CPU
		{5AB11D82-A58C-4EE7-ADBD-40DADAF3E774}.Ad-Hoc|iPhoneSimulator.Build.0 = Release|Any CPU
		{5AB11D82-A58C-4EE7-ADBD-40DADAF3E774}.Ad-Hoc|iPhoneSimulator.Deploy.0 = Release|Any CPU
		{5AB11D82-A58C-4EE7-ADBD-40DADAF3E774}.Ad-Hoc|x64.ActiveCfg = Debug|Any CPU
		{5AB11D82-A58C-4EE7-ADBD-40DADAF3E774}.Ad-Hoc|x64.Build.0 = Debug|Any CPU
		{5AB11D82-A58C-4EE7-ADBD-40DADAF3E774}.Ad-Hoc|x64.Deploy.0 = Debug|Any CPU
		{5AB11D82-A58C-4EE7-ADBD-40DADAF3E774}.Ad-Hoc|x86.ActiveCfg = Debug|Any CPU
		{5AB11D82-A58C-4EE7-ADBD-40DADAF3E774}.Ad-Hoc|x86.Build.0 = Debug|Any CPU
		{5AB11D82-A58C-4EE7-ADBD-40DADAF3E774}.Ad-Hoc|x86.Deploy.0 = Debug|Any CPU
		{5AB11D82-A58C-4EE7-ADBD-40DADAF3E774}.AppStore|Any CPU.ActiveCfg = Release|Any CPU
		{5AB11D82-A58C-4EE7-ADBD-40DADAF3E774}.AppStore|Any CPU.Build.0 = Release|Any CPU
		{5AB11D82-A58C-4EE7-ADBD-40DADAF3E774}.AppStore|Any CPU.Deploy.0 = Release|Any CPU
		{5AB11D82-A58C-4EE7-ADBD-40DADAF3E774}.AppStore|ARM.ActiveCfg = Debug|Any CPU
		{5AB11D82-A58C-4EE7-ADBD-40DADAF3E774}.AppStore|ARM.Build.0 = Debug|Any CPU
		{5AB11D82-A58C-4EE7-ADBD-40DADAF3E774}.AppStore|ARM.Deploy.0 = Debug|Any CPU
		{5AB11D82-A58C-4EE7-ADBD-40DADAF3E774}.AppStore|iPhone.ActiveCfg = Release|Any CPU
		{5AB11D82-A58C-4EE7-ADBD-40DADAF3E774}.AppStore|iPhone.Build.0 = Release|Any CPU
		{5AB11D82-A58C-4EE7-ADBD-40DADAF3E774}.AppStore|iPhone.Deploy.0 = Release|Any CPU
		{5AB11D82-A58C-4EE7-ADBD-40DADAF3E774}.AppStore|iPhoneSimulator.ActiveCfg = Release|Any CPU
		{5AB11D82-A58C-4EE7-ADBD-40DADAF3E774}.AppStore|iPhoneSimulator.Build.0 = Release|Any CPU
		{5AB11D82-A58C-4EE7-ADBD-40DADAF3E774}.AppStore|iPhoneSimulator.Deploy.0 = Release|Any CPU
		{5AB11D82-A58C-4EE7-ADBD-40DADAF3E774}.AppStore|x64.ActiveCfg = Debug|Any CPU
		{5AB11D82-A58C-4EE7-ADBD-40DADAF3E774}.AppStore|x64.Build.0 = Debug|Any CPU
		{5AB11D82-A58C-4EE7-ADBD-40DADAF3E774}.AppStore|x64.Deploy.0 = Debug|Any CPU
		{5AB11D82-A58C-4EE7-ADBD-40DADAF3E774}.AppStore|x86.ActiveCfg = Debug|Any CPU
		{5AB11D82-A58C-4EE7-ADBD-40DADAF3E774}.AppStore|x86.Build.0 = Debug|Any CPU
		{5AB11D82-A58C-4EE7-ADBD-40DADAF3E774}.AppStore|x86.Deploy.0 = Debug|Any CPU
		{5AB11D82-A58C-4EE7-ADBD-40DADAF3E774}.Debug|Any CPU.ActiveCfg = Debug|Any CPU
		{5AB11D82-A58C-4EE7-ADBD-40DADAF3E774}.Debug|Any CPU.Build.0 = Debug|Any CPU
		{5AB11D82-A58C-4EE7-ADBD-40DADAF3E774}.Debug|Any CPU.Deploy.0 = Debug|Any CPU
		{5AB11D82-A58C-4EE7-ADBD-40DADAF3E774}.Debug|ARM.ActiveCfg = Debug|Any CPU
		{5AB11D82-A58C-4EE7-ADBD-40DADAF3E774}.Debug|ARM.Build.0 = Debug|Any CPU
		{5AB11D82-A58C-4EE7-ADBD-40DADAF3E774}.Debug|ARM.Deploy.0 = Debug|Any CPU
		{5AB11D82-A58C-4EE7-ADBD-40DADAF3E774}.Debug|iPhone.ActiveCfg = Debug|Any CPU
		{5AB11D82-A58C-4EE7-ADBD-40DADAF3E774}.Debug|iPhone.Build.0 = Debug|Any CPU
		{5AB11D82-A58C-4EE7-ADBD-40DADAF3E774}.Debug|iPhone.Deploy.0 = Debug|Any CPU
		{5AB11D82-A58C-4EE7-ADBD-40DADAF3E774}.Debug|iPhoneSimulator.ActiveCfg = Debug|Any CPU
		{5AB11D82-A58C-4EE7-ADBD-40DADAF3E774}.Debug|iPhoneSimulator.Build.0 = Debug|Any CPU
		{5AB11D82-A58C-4EE7-ADBD-40DADAF3E774}.Debug|iPhoneSimulator.Deploy.0 = Debug|Any CPU
		{5AB11D82-A58C-4EE7-ADBD-40DADAF3E774}.Debug|x64.ActiveCfg = Debug|Any CPU
		{5AB11D82-A58C-4EE7-ADBD-40DADAF3E774}.Debug|x64.Build.0 = Debug|Any CPU
		{5AB11D82-A58C-4EE7-ADBD-40DADAF3E774}.Debug|x64.Deploy.0 = Debug|Any CPU
		{5AB11D82-A58C-4EE7-ADBD-40DADAF3E774}.Debug|x86.ActiveCfg = Debug|Any CPU
		{5AB11D82-A58C-4EE7-ADBD-40DADAF3E774}.Debug|x86.Build.0 = Debug|Any CPU
		{5AB11D82-A58C-4EE7-ADBD-40DADAF3E774}.Debug|x86.Deploy.0 = Debug|Any CPU
		{5AB11D82-A58C-4EE7-ADBD-40DADAF3E774}.Release|Any CPU.ActiveCfg = Release|Any CPU
		{5AB11D82-A58C-4EE7-ADBD-40DADAF3E774}.Release|Any CPU.Build.0 = Release|Any CPU
		{5AB11D82-A58C-4EE7-ADBD-40DADAF3E774}.Release|Any CPU.Deploy.0 = Release|Any CPU
		{5AB11D82-A58C-4EE7-ADBD-40DADAF3E774}.Release|ARM.ActiveCfg = Release|Any CPU
		{5AB11D82-A58C-4EE7-ADBD-40DADAF3E774}.Release|ARM.Build.0 = Release|Any CPU
		{5AB11D82-A58C-4EE7-ADBD-40DADAF3E774}.Release|ARM.Deploy.0 = Release|Any CPU
		{5AB11D82-A58C-4EE7-ADBD-40DADAF3E774}.Release|iPhone.ActiveCfg = Release|Any CPU
		{5AB11D82-A58C-4EE7-ADBD-40DADAF3E774}.Release|iPhone.Build.0 = Release|Any CPU
		{5AB11D82-A58C-4EE7-ADBD-40DADAF3E774}.Release|iPhone.Deploy.0 = Release|Any CPU
		{5AB11D82-A58C-4EE7-ADBD-40DADAF3E774}.Release|iPhoneSimulator.ActiveCfg = Release|Any CPU
		{5AB11D82-A58C-4EE7-ADBD-40DADAF3E774}.Release|iPhoneSimulator.Build.0 = Release|Any CPU
		{5AB11D82-A58C-4EE7-ADBD-40DADAF3E774}.Release|iPhoneSimulator.Deploy.0 = Release|Any CPU
		{5AB11D82-A58C-4EE7-ADBD-40DADAF3E774}.Release|x64.ActiveCfg = Release|Any CPU
		{5AB11D82-A58C-4EE7-ADBD-40DADAF3E774}.Release|x64.Build.0 = Release|Any CPU
		{5AB11D82-A58C-4EE7-ADBD-40DADAF3E774}.Release|x64.Deploy.0 = Release|Any CPU
		{5AB11D82-A58C-4EE7-ADBD-40DADAF3E774}.Release|x86.ActiveCfg = Release|Any CPU
		{5AB11D82-A58C-4EE7-ADBD-40DADAF3E774}.Release|x86.Build.0 = Release|Any CPU
		{5AB11D82-A58C-4EE7-ADBD-40DADAF3E774}.Release|x86.Deploy.0 = Release|Any CPU
		{7229CC24-BA8D-4A2D-8011-E9891B95EBD7}.Ad-Hoc|Any CPU.ActiveCfg = Ad-Hoc|iPhone
		{7229CC24-BA8D-4A2D-8011-E9891B95EBD7}.Ad-Hoc|ARM.ActiveCfg = Ad-Hoc|iPhoneSimulator
		{7229CC24-BA8D-4A2D-8011-E9891B95EBD7}.Ad-Hoc|iPhone.ActiveCfg = Ad-Hoc|iPhone
		{7229CC24-BA8D-4A2D-8011-E9891B95EBD7}.Ad-Hoc|iPhone.Build.0 = Ad-Hoc|iPhone
		{7229CC24-BA8D-4A2D-8011-E9891B95EBD7}.Ad-Hoc|iPhoneSimulator.ActiveCfg = Ad-Hoc|iPhoneSimulator
		{7229CC24-BA8D-4A2D-8011-E9891B95EBD7}.Ad-Hoc|iPhoneSimulator.Build.0 = Ad-Hoc|iPhoneSimulator
		{7229CC24-BA8D-4A2D-8011-E9891B95EBD7}.Ad-Hoc|x64.ActiveCfg = Ad-Hoc|iPhoneSimulator
		{7229CC24-BA8D-4A2D-8011-E9891B95EBD7}.Ad-Hoc|x86.ActiveCfg = Ad-Hoc|iPhoneSimulator
		{7229CC24-BA8D-4A2D-8011-E9891B95EBD7}.AppStore|Any CPU.ActiveCfg = AppStore|iPhone
		{7229CC24-BA8D-4A2D-8011-E9891B95EBD7}.AppStore|ARM.ActiveCfg = AppStore|iPhoneSimulator
		{7229CC24-BA8D-4A2D-8011-E9891B95EBD7}.AppStore|iPhone.ActiveCfg = AppStore|iPhone
		{7229CC24-BA8D-4A2D-8011-E9891B95EBD7}.AppStore|iPhone.Build.0 = AppStore|iPhone
		{7229CC24-BA8D-4A2D-8011-E9891B95EBD7}.AppStore|iPhoneSimulator.ActiveCfg = AppStore|iPhoneSimulator
		{7229CC24-BA8D-4A2D-8011-E9891B95EBD7}.AppStore|iPhoneSimulator.Build.0 = AppStore|iPhoneSimulator
		{7229CC24-BA8D-4A2D-8011-E9891B95EBD7}.AppStore|x64.ActiveCfg = AppStore|iPhoneSimulator
		{7229CC24-BA8D-4A2D-8011-E9891B95EBD7}.AppStore|x86.ActiveCfg = AppStore|iPhoneSimulator
		{7229CC24-BA8D-4A2D-8011-E9891B95EBD7}.Debug|Any CPU.ActiveCfg = Debug|iPhone
		{7229CC24-BA8D-4A2D-8011-E9891B95EBD7}.Debug|ARM.ActiveCfg = Debug|iPhoneSimulator
		{7229CC24-BA8D-4A2D-8011-E9891B95EBD7}.Debug|iPhone.ActiveCfg = Debug|iPhone
		{7229CC24-BA8D-4A2D-8011-E9891B95EBD7}.Debug|iPhone.Build.0 = Debug|iPhone
		{7229CC24-BA8D-4A2D-8011-E9891B95EBD7}.Debug|iPhoneSimulator.ActiveCfg = Debug|iPhoneSimulator
		{7229CC24-BA8D-4A2D-8011-E9891B95EBD7}.Debug|iPhoneSimulator.Build.0 = Debug|iPhoneSimulator
		{7229CC24-BA8D-4A2D-8011-E9891B95EBD7}.Debug|x64.ActiveCfg = Debug|iPhoneSimulator
		{7229CC24-BA8D-4A2D-8011-E9891B95EBD7}.Debug|x86.ActiveCfg = Debug|iPhoneSimulator
		{7229CC24-BA8D-4A2D-8011-E9891B95EBD7}.Release|Any CPU.ActiveCfg = Release|iPhone
		{7229CC24-BA8D-4A2D-8011-E9891B95EBD7}.Release|ARM.ActiveCfg = Release|iPhoneSimulator
		{7229CC24-BA8D-4A2D-8011-E9891B95EBD7}.Release|iPhone.ActiveCfg = Release|iPhone
		{7229CC24-BA8D-4A2D-8011-E9891B95EBD7}.Release|iPhone.Build.0 = Release|iPhone
		{7229CC24-BA8D-4A2D-8011-E9891B95EBD7}.Release|iPhoneSimulator.ActiveCfg = Release|iPhoneSimulator
		{7229CC24-BA8D-4A2D-8011-E9891B95EBD7}.Release|iPhoneSimulator.Build.0 = Release|iPhoneSimulator
		{7229CC24-BA8D-4A2D-8011-E9891B95EBD7}.Release|x64.ActiveCfg = Release|iPhoneSimulator
		{7229CC24-BA8D-4A2D-8011-E9891B95EBD7}.Release|x86.ActiveCfg = Release|iPhoneSimulator
		{E2AA7AA1-A4AA-4EF4-984B-A16B12DBB628}.Ad-Hoc|Any CPU.ActiveCfg = Debug|Any CPU
		{E2AA7AA1-A4AA-4EF4-984B-A16B12DBB628}.Ad-Hoc|Any CPU.Build.0 = Debug|Any CPU
		{E2AA7AA1-A4AA-4EF4-984B-A16B12DBB628}.Ad-Hoc|ARM.ActiveCfg = Release|Any CPU
		{E2AA7AA1-A4AA-4EF4-984B-A16B12DBB628}.Ad-Hoc|ARM.Build.0 = Release|Any CPU
		{E2AA7AA1-A4AA-4EF4-984B-A16B12DBB628}.Ad-Hoc|iPhone.ActiveCfg = Debug|Any CPU
		{E2AA7AA1-A4AA-4EF4-984B-A16B12DBB628}.Ad-Hoc|iPhone.Build.0 = Debug|Any CPU
		{E2AA7AA1-A4AA-4EF4-984B-A16B12DBB628}.Ad-Hoc|iPhoneSimulator.ActiveCfg = Debug|Any CPU
		{E2AA7AA1-A4AA-4EF4-984B-A16B12DBB628}.Ad-Hoc|iPhoneSimulator.Build.0 = Debug|Any CPU
		{E2AA7AA1-A4AA-4EF4-984B-A16B12DBB628}.Ad-Hoc|x64.ActiveCfg = Release|Any CPU
		{E2AA7AA1-A4AA-4EF4-984B-A16B12DBB628}.Ad-Hoc|x64.Build.0 = Release|Any CPU
		{E2AA7AA1-A4AA-4EF4-984B-A16B12DBB628}.Ad-Hoc|x86.ActiveCfg = Release|Any CPU
		{E2AA7AA1-A4AA-4EF4-984B-A16B12DBB628}.Ad-Hoc|x86.Build.0 = Release|Any CPU
		{E2AA7AA1-A4AA-4EF4-984B-A16B12DBB628}.AppStore|Any CPU.ActiveCfg = Debug|Any CPU
		{E2AA7AA1-A4AA-4EF4-984B-A16B12DBB628}.AppStore|Any CPU.Build.0 = Debug|Any CPU
		{E2AA7AA1-A4AA-4EF4-984B-A16B12DBB628}.AppStore|ARM.ActiveCfg = Release|Any CPU
		{E2AA7AA1-A4AA-4EF4-984B-A16B12DBB628}.AppStore|ARM.Build.0 = Release|Any CPU
		{E2AA7AA1-A4AA-4EF4-984B-A16B12DBB628}.AppStore|iPhone.ActiveCfg = Debug|Any CPU
		{E2AA7AA1-A4AA-4EF4-984B-A16B12DBB628}.AppStore|iPhone.Build.0 = Debug|Any CPU
		{E2AA7AA1-A4AA-4EF4-984B-A16B12DBB628}.AppStore|iPhoneSimulator.ActiveCfg = Debug|Any CPU
		{E2AA7AA1-A4AA-4EF4-984B-A16B12DBB628}.AppStore|iPhoneSimulator.Build.0 = Debug|Any CPU
		{E2AA7AA1-A4AA-4EF4-984B-A16B12DBB628}.AppStore|x64.ActiveCfg = Release|Any CPU
		{E2AA7AA1-A4AA-4EF4-984B-A16B12DBB628}.AppStore|x64.Build.0 = Release|Any CPU
		{E2AA7AA1-A4AA-4EF4-984B-A16B12DBB628}.AppStore|x86.ActiveCfg = Release|Any CPU
		{E2AA7AA1-A4AA-4EF4-984B-A16B12DBB628}.AppStore|x86.Build.0 = Release|Any CPU
		{E2AA7AA1-A4AA-4EF4-984B-A16B12DBB628}.Debug|Any CPU.ActiveCfg = Debug|Any CPU
		{E2AA7AA1-A4AA-4EF4-984B-A16B12DBB628}.Debug|Any CPU.Build.0 = Debug|Any CPU
		{E2AA7AA1-A4AA-4EF4-984B-A16B12DBB628}.Debug|ARM.ActiveCfg = Debug|Any CPU
		{E2AA7AA1-A4AA-4EF4-984B-A16B12DBB628}.Debug|ARM.Build.0 = Debug|Any CPU
		{E2AA7AA1-A4AA-4EF4-984B-A16B12DBB628}.Debug|iPhone.ActiveCfg = Debug|Any CPU
		{E2AA7AA1-A4AA-4EF4-984B-A16B12DBB628}.Debug|iPhone.Build.0 = Debug|Any CPU
		{E2AA7AA1-A4AA-4EF4-984B-A16B12DBB628}.Debug|iPhoneSimulator.ActiveCfg = Debug|Any CPU
		{E2AA7AA1-A4AA-4EF4-984B-A16B12DBB628}.Debug|iPhoneSimulator.Build.0 = Debug|Any CPU
		{E2AA7AA1-A4AA-4EF4-984B-A16B12DBB628}.Debug|x64.ActiveCfg = Debug|Any CPU
		{E2AA7AA1-A4AA-4EF4-984B-A16B12DBB628}.Debug|x64.Build.0 = Debug|Any CPU
		{E2AA7AA1-A4AA-4EF4-984B-A16B12DBB628}.Debug|x86.ActiveCfg = Debug|Any CPU
		{E2AA7AA1-A4AA-4EF4-984B-A16B12DBB628}.Debug|x86.Build.0 = Debug|Any CPU
		{E2AA7AA1-A4AA-4EF4-984B-A16B12DBB628}.Release|Any CPU.ActiveCfg = Release|Any CPU
		{E2AA7AA1-A4AA-4EF4-984B-A16B12DBB628}.Release|Any CPU.Build.0 = Release|Any CPU
		{E2AA7AA1-A4AA-4EF4-984B-A16B12DBB628}.Release|ARM.ActiveCfg = Release|Any CPU
		{E2AA7AA1-A4AA-4EF4-984B-A16B12DBB628}.Release|ARM.Build.0 = Release|Any CPU
		{E2AA7AA1-A4AA-4EF4-984B-A16B12DBB628}.Release|iPhone.ActiveCfg = Release|Any CPU
		{E2AA7AA1-A4AA-4EF4-984B-A16B12DBB628}.Release|iPhone.Build.0 = Release|Any CPU
		{E2AA7AA1-A4AA-4EF4-984B-A16B12DBB628}.Release|iPhoneSimulator.ActiveCfg = Release|Any CPU
		{E2AA7AA1-A4AA-4EF4-984B-A16B12DBB628}.Release|iPhoneSimulator.Build.0 = Release|Any CPU
		{E2AA7AA1-A4AA-4EF4-984B-A16B12DBB628}.Release|x64.ActiveCfg = Release|Any CPU
		{E2AA7AA1-A4AA-4EF4-984B-A16B12DBB628}.Release|x64.Build.0 = Release|Any CPU
		{E2AA7AA1-A4AA-4EF4-984B-A16B12DBB628}.Release|x86.ActiveCfg = Release|Any CPU
		{E2AA7AA1-A4AA-4EF4-984B-A16B12DBB628}.Release|x86.Build.0 = Release|Any CPU
		{098F1C3B-BAAC-405D-BD7F-2669E10A5C11}.Ad-Hoc|Any CPU.ActiveCfg = Release|x86
		{098F1C3B-BAAC-405D-BD7F-2669E10A5C11}.Ad-Hoc|Any CPU.Build.0 = Release|x86
		{098F1C3B-BAAC-405D-BD7F-2669E10A5C11}.Ad-Hoc|Any CPU.Deploy.0 = Release|x86
		{098F1C3B-BAAC-405D-BD7F-2669E10A5C11}.Ad-Hoc|ARM.ActiveCfg = Release|ARM
		{098F1C3B-BAAC-405D-BD7F-2669E10A5C11}.Ad-Hoc|ARM.Build.0 = Release|ARM
		{098F1C3B-BAAC-405D-BD7F-2669E10A5C11}.Ad-Hoc|ARM.Deploy.0 = Release|ARM
		{098F1C3B-BAAC-405D-BD7F-2669E10A5C11}.Ad-Hoc|iPhone.ActiveCfg = Release|x86
		{098F1C3B-BAAC-405D-BD7F-2669E10A5C11}.Ad-Hoc|iPhone.Build.0 = Release|x86
		{098F1C3B-BAAC-405D-BD7F-2669E10A5C11}.Ad-Hoc|iPhone.Deploy.0 = Release|x86
		{098F1C3B-BAAC-405D-BD7F-2669E10A5C11}.Ad-Hoc|iPhoneSimulator.ActiveCfg = Release|x86
		{098F1C3B-BAAC-405D-BD7F-2669E10A5C11}.Ad-Hoc|iPhoneSimulator.Build.0 = Release|x86
		{098F1C3B-BAAC-405D-BD7F-2669E10A5C11}.Ad-Hoc|iPhoneSimulator.Deploy.0 = Release|x86
		{098F1C3B-BAAC-405D-BD7F-2669E10A5C11}.Ad-Hoc|x64.ActiveCfg = Release|x64
		{098F1C3B-BAAC-405D-BD7F-2669E10A5C11}.Ad-Hoc|x64.Build.0 = Release|x64
		{098F1C3B-BAAC-405D-BD7F-2669E10A5C11}.Ad-Hoc|x64.Deploy.0 = Release|x64
		{098F1C3B-BAAC-405D-BD7F-2669E10A5C11}.Ad-Hoc|x86.ActiveCfg = Release|x86
		{098F1C3B-BAAC-405D-BD7F-2669E10A5C11}.Ad-Hoc|x86.Build.0 = Release|x86
		{098F1C3B-BAAC-405D-BD7F-2669E10A5C11}.Ad-Hoc|x86.Deploy.0 = Release|x86
		{098F1C3B-BAAC-405D-BD7F-2669E10A5C11}.AppStore|Any CPU.ActiveCfg = Release|x86
		{098F1C3B-BAAC-405D-BD7F-2669E10A5C11}.AppStore|Any CPU.Build.0 = Release|x86
		{098F1C3B-BAAC-405D-BD7F-2669E10A5C11}.AppStore|Any CPU.Deploy.0 = Release|x86
		{098F1C3B-BAAC-405D-BD7F-2669E10A5C11}.AppStore|ARM.ActiveCfg = Release|ARM
		{098F1C3B-BAAC-405D-BD7F-2669E10A5C11}.AppStore|ARM.Build.0 = Release|ARM
		{098F1C3B-BAAC-405D-BD7F-2669E10A5C11}.AppStore|ARM.Deploy.0 = Release|ARM
		{098F1C3B-BAAC-405D-BD7F-2669E10A5C11}.AppStore|iPhone.ActiveCfg = Release|x86
		{098F1C3B-BAAC-405D-BD7F-2669E10A5C11}.AppStore|iPhone.Build.0 = Release|x86
		{098F1C3B-BAAC-405D-BD7F-2669E10A5C11}.AppStore|iPhone.Deploy.0 = Release|x86
		{098F1C3B-BAAC-405D-BD7F-2669E10A5C11}.AppStore|iPhoneSimulator.ActiveCfg = Release|x86
		{098F1C3B-BAAC-405D-BD7F-2669E10A5C11}.AppStore|iPhoneSimulator.Build.0 = Release|x86
		{098F1C3B-BAAC-405D-BD7F-2669E10A5C11}.AppStore|iPhoneSimulator.Deploy.0 = Release|x86
		{098F1C3B-BAAC-405D-BD7F-2669E10A5C11}.AppStore|x64.ActiveCfg = Release|x64
		{098F1C3B-BAAC-405D-BD7F-2669E10A5C11}.AppStore|x64.Build.0 = Release|x64
		{098F1C3B-BAAC-405D-BD7F-2669E10A5C11}.AppStore|x64.Deploy.0 = Release|x64
		{098F1C3B-BAAC-405D-BD7F-2669E10A5C11}.AppStore|x86.ActiveCfg = Release|x86
		{098F1C3B-BAAC-405D-BD7F-2669E10A5C11}.AppStore|x86.Build.0 = Release|x86
		{098F1C3B-BAAC-405D-BD7F-2669E10A5C11}.AppStore|x86.Deploy.0 = Release|x86
		{098F1C3B-BAAC-405D-BD7F-2669E10A5C11}.Debug|Any CPU.ActiveCfg = Debug|x86
		{098F1C3B-BAAC-405D-BD7F-2669E10A5C11}.Debug|ARM.ActiveCfg = Debug|ARM
		{098F1C3B-BAAC-405D-BD7F-2669E10A5C11}.Debug|ARM.Build.0 = Debug|ARM
		{098F1C3B-BAAC-405D-BD7F-2669E10A5C11}.Debug|ARM.Deploy.0 = Debug|ARM
		{098F1C3B-BAAC-405D-BD7F-2669E10A5C11}.Debug|iPhone.ActiveCfg = Debug|x86
		{098F1C3B-BAAC-405D-BD7F-2669E10A5C11}.Debug|iPhoneSimulator.ActiveCfg = Debug|x86
		{098F1C3B-BAAC-405D-BD7F-2669E10A5C11}.Debug|x64.ActiveCfg = Debug|x64
		{098F1C3B-BAAC-405D-BD7F-2669E10A5C11}.Debug|x64.Build.0 = Debug|x64
		{098F1C3B-BAAC-405D-BD7F-2669E10A5C11}.Debug|x64.Deploy.0 = Debug|x64
		{098F1C3B-BAAC-405D-BD7F-2669E10A5C11}.Debug|x86.ActiveCfg = Debug|x86
		{098F1C3B-BAAC-405D-BD7F-2669E10A5C11}.Debug|x86.Build.0 = Debug|x86
		{098F1C3B-BAAC-405D-BD7F-2669E10A5C11}.Debug|x86.Deploy.0 = Debug|x86
		{098F1C3B-BAAC-405D-BD7F-2669E10A5C11}.Release|Any CPU.ActiveCfg = Release|x86
		{098F1C3B-BAAC-405D-BD7F-2669E10A5C11}.Release|ARM.ActiveCfg = Release|ARM
		{098F1C3B-BAAC-405D-BD7F-2669E10A5C11}.Release|ARM.Build.0 = Release|ARM
		{098F1C3B-BAAC-405D-BD7F-2669E10A5C11}.Release|ARM.Deploy.0 = Release|ARM
		{098F1C3B-BAAC-405D-BD7F-2669E10A5C11}.Release|iPhone.ActiveCfg = Release|x86
		{098F1C3B-BAAC-405D-BD7F-2669E10A5C11}.Release|iPhoneSimulator.ActiveCfg = Release|x86
		{098F1C3B-BAAC-405D-BD7F-2669E10A5C11}.Release|x64.ActiveCfg = Release|x64
		{098F1C3B-BAAC-405D-BD7F-2669E10A5C11}.Release|x64.Build.0 = Release|x64
		{098F1C3B-BAAC-405D-BD7F-2669E10A5C11}.Release|x64.Deploy.0 = Release|x64
		{098F1C3B-BAAC-405D-BD7F-2669E10A5C11}.Release|x86.ActiveCfg = Release|x86
		{098F1C3B-BAAC-405D-BD7F-2669E10A5C11}.Release|x86.Build.0 = Release|x86
		{098F1C3B-BAAC-405D-BD7F-2669E10A5C11}.Release|x86.Deploy.0 = Release|x86
		{443E25F5-CFEE-46F4-B37D-D74DF8C79351}.Ad-Hoc|Any CPU.ActiveCfg = Debug|Any CPU
		{443E25F5-CFEE-46F4-B37D-D74DF8C79351}.Ad-Hoc|Any CPU.Build.0 = Debug|Any CPU
		{443E25F5-CFEE-46F4-B37D-D74DF8C79351}.Ad-Hoc|ARM.ActiveCfg = Debug|Any CPU
		{443E25F5-CFEE-46F4-B37D-D74DF8C79351}.Ad-Hoc|ARM.Build.0 = Debug|Any CPU
		{443E25F5-CFEE-46F4-B37D-D74DF8C79351}.Ad-Hoc|iPhone.ActiveCfg = Debug|Any CPU
		{443E25F5-CFEE-46F4-B37D-D74DF8C79351}.Ad-Hoc|iPhone.Build.0 = Debug|Any CPU
		{443E25F5-CFEE-46F4-B37D-D74DF8C79351}.Ad-Hoc|iPhoneSimulator.ActiveCfg = Debug|Any CPU
		{443E25F5-CFEE-46F4-B37D-D74DF8C79351}.Ad-Hoc|iPhoneSimulator.Build.0 = Debug|Any CPU
		{443E25F5-CFEE-46F4-B37D-D74DF8C79351}.Ad-Hoc|x64.ActiveCfg = Debug|Any CPU
		{443E25F5-CFEE-46F4-B37D-D74DF8C79351}.Ad-Hoc|x64.Build.0 = Debug|Any CPU
		{443E25F5-CFEE-46F4-B37D-D74DF8C79351}.Ad-Hoc|x86.ActiveCfg = Debug|Any CPU
		{443E25F5-CFEE-46F4-B37D-D74DF8C79351}.Ad-Hoc|x86.Build.0 = Debug|Any CPU
		{443E25F5-CFEE-46F4-B37D-D74DF8C79351}.AppStore|Any CPU.ActiveCfg = Debug|Any CPU
		{443E25F5-CFEE-46F4-B37D-D74DF8C79351}.AppStore|Any CPU.Build.0 = Debug|Any CPU
		{443E25F5-CFEE-46F4-B37D-D74DF8C79351}.AppStore|ARM.ActiveCfg = Debug|Any CPU
		{443E25F5-CFEE-46F4-B37D-D74DF8C79351}.AppStore|ARM.Build.0 = Debug|Any CPU
		{443E25F5-CFEE-46F4-B37D-D74DF8C79351}.AppStore|iPhone.ActiveCfg = Debug|Any CPU
		{443E25F5-CFEE-46F4-B37D-D74DF8C79351}.AppStore|iPhone.Build.0 = Debug|Any CPU
		{443E25F5-CFEE-46F4-B37D-D74DF8C79351}.AppStore|iPhoneSimulator.ActiveCfg = Debug|Any CPU
		{443E25F5-CFEE-46F4-B37D-D74DF8C79351}.AppStore|iPhoneSimulator.Build.0 = Debug|Any CPU
		{443E25F5-CFEE-46F4-B37D-D74DF8C79351}.AppStore|x64.ActiveCfg = Debug|Any CPU
		{443E25F5-CFEE-46F4-B37D-D74DF8C79351}.AppStore|x64.Build.0 = Debug|Any CPU
		{443E25F5-CFEE-46F4-B37D-D74DF8C79351}.AppStore|x86.ActiveCfg = Debug|Any CPU
		{443E25F5-CFEE-46F4-B37D-D74DF8C79351}.AppStore|x86.Build.0 = Debug|Any CPU
		{443E25F5-CFEE-46F4-B37D-D74DF8C79351}.Debug|Any CPU.ActiveCfg = Debug|Any CPU
		{443E25F5-CFEE-46F4-B37D-D74DF8C79351}.Debug|Any CPU.Build.0 = Debug|Any CPU
		{443E25F5-CFEE-46F4-B37D-D74DF8C79351}.Debug|ARM.ActiveCfg = Debug|Any CPU
		{443E25F5-CFEE-46F4-B37D-D74DF8C79351}.Debug|ARM.Build.0 = Debug|Any CPU
		{443E25F5-CFEE-46F4-B37D-D74DF8C79351}.Debug|iPhone.ActiveCfg = Debug|Any CPU
		{443E25F5-CFEE-46F4-B37D-D74DF8C79351}.Debug|iPhone.Build.0 = Debug|Any CPU
		{443E25F5-CFEE-46F4-B37D-D74DF8C79351}.Debug|iPhoneSimulator.ActiveCfg = Debug|Any CPU
		{443E25F5-CFEE-46F4-B37D-D74DF8C79351}.Debug|iPhoneSimulator.Build.0 = Debug|Any CPU
		{443E25F5-CFEE-46F4-B37D-D74DF8C79351}.Debug|x64.ActiveCfg = Debug|Any CPU
		{443E25F5-CFEE-46F4-B37D-D74DF8C79351}.Debug|x64.Build.0 = Debug|Any CPU
		{443E25F5-CFEE-46F4-B37D-D74DF8C79351}.Debug|x86.ActiveCfg = Debug|Any CPU
		{443E25F5-CFEE-46F4-B37D-D74DF8C79351}.Debug|x86.Build.0 = Debug|Any CPU
		{443E25F5-CFEE-46F4-B37D-D74DF8C79351}.Release|Any CPU.ActiveCfg = Release|Any CPU
		{443E25F5-CFEE-46F4-B37D-D74DF8C79351}.Release|Any CPU.Build.0 = Release|Any CPU
		{443E25F5-CFEE-46F4-B37D-D74DF8C79351}.Release|ARM.ActiveCfg = Release|Any CPU
		{443E25F5-CFEE-46F4-B37D-D74DF8C79351}.Release|ARM.Build.0 = Release|Any CPU
		{443E25F5-CFEE-46F4-B37D-D74DF8C79351}.Release|iPhone.ActiveCfg = Release|Any CPU
		{443E25F5-CFEE-46F4-B37D-D74DF8C79351}.Release|iPhone.Build.0 = Release|Any CPU
		{443E25F5-CFEE-46F4-B37D-D74DF8C79351}.Release|iPhoneSimulator.ActiveCfg = Release|Any CPU
		{443E25F5-CFEE-46F4-B37D-D74DF8C79351}.Release|iPhoneSimulator.Build.0 = Release|Any CPU
		{443E25F5-CFEE-46F4-B37D-D74DF8C79351}.Release|x64.ActiveCfg = Release|Any CPU
		{443E25F5-CFEE-46F4-B37D-D74DF8C79351}.Release|x64.Build.0 = Release|Any CPU
		{443E25F5-CFEE-46F4-B37D-D74DF8C79351}.Release|x86.ActiveCfg = Release|Any CPU
		{443E25F5-CFEE-46F4-B37D-D74DF8C79351}.Release|x86.Build.0 = Release|Any CPU
		{69221CB0-2867-41FA-8D24-75B74D5877D3}.Ad-Hoc|Any CPU.ActiveCfg = Debug|Any CPU
		{69221CB0-2867-41FA-8D24-75B74D5877D3}.Ad-Hoc|Any CPU.Build.0 = Debug|Any CPU
		{69221CB0-2867-41FA-8D24-75B74D5877D3}.Ad-Hoc|ARM.ActiveCfg = Debug|Any CPU
		{69221CB0-2867-41FA-8D24-75B74D5877D3}.Ad-Hoc|ARM.Build.0 = Debug|Any CPU
		{69221CB0-2867-41FA-8D24-75B74D5877D3}.Ad-Hoc|iPhone.ActiveCfg = Debug|Any CPU
		{69221CB0-2867-41FA-8D24-75B74D5877D3}.Ad-Hoc|iPhone.Build.0 = Debug|Any CPU
		{69221CB0-2867-41FA-8D24-75B74D5877D3}.Ad-Hoc|iPhoneSimulator.ActiveCfg = Debug|Any CPU
		{69221CB0-2867-41FA-8D24-75B74D5877D3}.Ad-Hoc|iPhoneSimulator.Build.0 = Debug|Any CPU
		{69221CB0-2867-41FA-8D24-75B74D5877D3}.Ad-Hoc|x64.ActiveCfg = Debug|Any CPU
		{69221CB0-2867-41FA-8D24-75B74D5877D3}.Ad-Hoc|x64.Build.0 = Debug|Any CPU
		{69221CB0-2867-41FA-8D24-75B74D5877D3}.Ad-Hoc|x86.ActiveCfg = Debug|Any CPU
		{69221CB0-2867-41FA-8D24-75B74D5877D3}.Ad-Hoc|x86.Build.0 = Debug|Any CPU
		{69221CB0-2867-41FA-8D24-75B74D5877D3}.AppStore|Any CPU.ActiveCfg = Debug|Any CPU
		{69221CB0-2867-41FA-8D24-75B74D5877D3}.AppStore|Any CPU.Build.0 = Debug|Any CPU
		{69221CB0-2867-41FA-8D24-75B74D5877D3}.AppStore|ARM.ActiveCfg = Debug|Any CPU
		{69221CB0-2867-41FA-8D24-75B74D5877D3}.AppStore|ARM.Build.0 = Debug|Any CPU
		{69221CB0-2867-41FA-8D24-75B74D5877D3}.AppStore|iPhone.ActiveCfg = Debug|Any CPU
		{69221CB0-2867-41FA-8D24-75B74D5877D3}.AppStore|iPhone.Build.0 = Debug|Any CPU
		{69221CB0-2867-41FA-8D24-75B74D5877D3}.AppStore|iPhoneSimulator.ActiveCfg = Debug|Any CPU
		{69221CB0-2867-41FA-8D24-75B74D5877D3}.AppStore|iPhoneSimulator.Build.0 = Debug|Any CPU
		{69221CB0-2867-41FA-8D24-75B74D5877D3}.AppStore|x64.ActiveCfg = Debug|Any CPU
		{69221CB0-2867-41FA-8D24-75B74D5877D3}.AppStore|x64.Build.0 = Debug|Any CPU
		{69221CB0-2867-41FA-8D24-75B74D5877D3}.AppStore|x86.ActiveCfg = Debug|Any CPU
		{69221CB0-2867-41FA-8D24-75B74D5877D3}.AppStore|x86.Build.0 = Debug|Any CPU
		{69221CB0-2867-41FA-8D24-75B74D5877D3}.Debug|Any CPU.ActiveCfg = Debug|Any CPU
		{69221CB0-2867-41FA-8D24-75B74D5877D3}.Debug|Any CPU.Build.0 = Debug|Any CPU
		{69221CB0-2867-41FA-8D24-75B74D5877D3}.Debug|ARM.ActiveCfg = Debug|Any CPU
		{69221CB0-2867-41FA-8D24-75B74D5877D3}.Debug|ARM.Build.0 = Debug|Any CPU
		{69221CB0-2867-41FA-8D24-75B74D5877D3}.Debug|iPhone.ActiveCfg = Debug|Any CPU
		{69221CB0-2867-41FA-8D24-75B74D5877D3}.Debug|iPhone.Build.0 = Debug|Any CPU
		{69221CB0-2867-41FA-8D24-75B74D5877D3}.Debug|iPhoneSimulator.ActiveCfg = Debug|Any CPU
		{69221CB0-2867-41FA-8D24-75B74D5877D3}.Debug|iPhoneSimulator.Build.0 = Debug|Any CPU
		{69221CB0-2867-41FA-8D24-75B74D5877D3}.Debug|x64.ActiveCfg = Debug|Any CPU
		{69221CB0-2867-41FA-8D24-75B74D5877D3}.Debug|x64.Build.0 = Debug|Any CPU
		{69221CB0-2867-41FA-8D24-75B74D5877D3}.Debug|x86.ActiveCfg = Debug|Any CPU
		{69221CB0-2867-41FA-8D24-75B74D5877D3}.Debug|x86.Build.0 = Debug|Any CPU
		{69221CB0-2867-41FA-8D24-75B74D5877D3}.Release|Any CPU.ActiveCfg = Release|Any CPU
		{69221CB0-2867-41FA-8D24-75B74D5877D3}.Release|Any CPU.Build.0 = Release|Any CPU
		{69221CB0-2867-41FA-8D24-75B74D5877D3}.Release|ARM.ActiveCfg = Release|Any CPU
		{69221CB0-2867-41FA-8D24-75B74D5877D3}.Release|ARM.Build.0 = Release|Any CPU
		{69221CB0-2867-41FA-8D24-75B74D5877D3}.Release|iPhone.ActiveCfg = Release|Any CPU
		{69221CB0-2867-41FA-8D24-75B74D5877D3}.Release|iPhone.Build.0 = Release|Any CPU
		{69221CB0-2867-41FA-8D24-75B74D5877D3}.Release|iPhoneSimulator.ActiveCfg = Release|Any CPU
		{69221CB0-2867-41FA-8D24-75B74D5877D3}.Release|iPhoneSimulator.Build.0 = Release|Any CPU
		{69221CB0-2867-41FA-8D24-75B74D5877D3}.Release|x64.ActiveCfg = Release|Any CPU
		{69221CB0-2867-41FA-8D24-75B74D5877D3}.Release|x64.Build.0 = Release|Any CPU
		{69221CB0-2867-41FA-8D24-75B74D5877D3}.Release|x86.ActiveCfg = Release|Any CPU
		{69221CB0-2867-41FA-8D24-75B74D5877D3}.Release|x86.Build.0 = Release|Any CPU
	EndGlobalSection
	GlobalSection(SolutionProperties) = preSolution
		HideSolutionNode = FALSE
	EndGlobalSection
	GlobalSection(ExtensibilityGlobals) = postSolution
		SolutionGuid = {88E02E9A-49C0-4625-B9C6-C8B1D4D54EFC}
	EndGlobalSection
EndGlobal
